// !$*UTF8*$!
{
	archiveVersion = 1;
	classes = {
	};
	objectVersion = 77;
	objects = {

/* Begin PBXBuildFile section */
		D09CABEF2D5650D600271866 /* Nuke in Frameworks */ = {isa = PBXBuildFile; productRef = D09CABEE2D5650D600271866 /* Nuke */; };
		D09CABF12D56526100271866 /* NukeUI in Frameworks */ = {isa = PBXBuildFile; productRef = D09CABF02D56526100271866 /* NukeUI */; };
/* End PBXBuildFile section */

/* Begin PBXContainerItemProxy section */
		D072974D2D4AC58C00CE6AC1 /* PBXContainerItemProxy */ = {
			isa = PBXContainerItemProxy;
			containerPortal = D07297342D4AC58B00CE6AC1 /* Project object */;
			proxyType = 1;
			remoteGlobalIDString = D072973B2D4AC58B00CE6AC1;
			remoteInfo = NeuMovie;
		};
		D07297572D4AC58C00CE6AC1 /* PBXContainerItemProxy */ = {
			isa = PBXContainerItemProxy;
			containerPortal = D07297342D4AC58B00CE6AC1 /* Project object */;
			proxyType = 1;
			remoteGlobalIDString = D072973B2D4AC58B00CE6AC1;
			remoteInfo = NeuMovie;
		};
/* End PBXContainerItemProxy section */

/* Begin PBXFileReference section */
		D072973C2D4AC58B00CE6AC1 /* NeuMovie.app */ = {isa = PBXFileReference; explicitFileType = wrapper.application; includeInIndex = 0; path = NeuMovie.app; sourceTree = BUILT_PRODUCTS_DIR; };
		D072974C2D4AC58C00CE6AC1 /* NeuMovieTests.xctest */ = {isa = PBXFileReference; explicitFileType = wrapper.cfbundle; includeInIndex = 0; path = NeuMovieTests.xctest; sourceTree = BUILT_PRODUCTS_DIR; };
		D07297562D4AC58C00CE6AC1 /* NeuMovieUITests.xctest */ = {isa = PBXFileReference; explicitFileType = wrapper.cfbundle; includeInIndex = 0; path = NeuMovieUITests.xctest; sourceTree = BUILT_PRODUCTS_DIR; };
/* End PBXFileReference section */

/* Begin PBXFileSystemSynchronizedRootGroup section */
		D072973E2D4AC58B00CE6AC1 /* NeuMovie */ = {
			isa = PBXFileSystemSynchronizedRootGroup;
			path = NeuMovie;
			sourceTree = "<group>";
		};
		D072974F2D4AC58C00CE6AC1 /* NeuMovieTests */ = {
			isa = PBXFileSystemSynchronizedRootGroup;
			path = NeuMovieTests;
			sourceTree = "<group>";
		};
		D07297592D4AC58C00CE6AC1 /* NeuMovieUITests */ = {
			isa = PBXFileSystemSynchronizedRootGroup;
			path = NeuMovieUITests;
			sourceTree = "<group>";
		};
/* End PBXFileSystemSynchronizedRootGroup section */

/* Begin PBXFrameworksBuildPhase section */
		D07297392D4AC58B00CE6AC1 /* Frameworks */ = {
			isa = PBXFrameworksBuildPhase;
			buildActionMask = 2147483647;
			files = (
				D09CABEF2D5650D600271866 /* Nuke in Frameworks */,
				D09CABF12D56526100271866 /* NukeUI in Frameworks */,
			);
			runOnlyForDeploymentPostprocessing = 0;
		};
		D07297492D4AC58C00CE6AC1 /* Frameworks */ = {
			isa = PBXFrameworksBuildPhase;
			buildActionMask = 2147483647;
			files = (
			);
			runOnlyForDeploymentPostprocessing = 0;
		};
		D07297532D4AC58C00CE6AC1 /* Frameworks */ = {
			isa = PBXFrameworksBuildPhase;
			buildActionMask = 2147483647;
			files = (
			);
			runOnlyForDeploymentPostprocessing = 0;
		};
/* End PBXFrameworksBuildPhase section */

/* Begin PBXGroup section */
		D07297332D4AC58B00CE6AC1 = {
			isa = PBXGroup;
			children = (
				D072973E2D4AC58B00CE6AC1 /* NeuMovie */,
				D072974F2D4AC58C00CE6AC1 /* NeuMovieTests */,
				D07297592D4AC58C00CE6AC1 /* NeuMovieUITests */,
				D072973D2D4AC58B00CE6AC1 /* Products */,
			);
			sourceTree = "<group>";
		};
		D072973D2D4AC58B00CE6AC1 /* Products */ = {
			isa = PBXGroup;
			children = (
				D072973C2D4AC58B00CE6AC1 /* NeuMovie.app */,
				D072974C2D4AC58C00CE6AC1 /* NeuMovieTests.xctest */,
				D07297562D4AC58C00CE6AC1 /* NeuMovieUITests.xctest */,
			);
			name = Products;
			sourceTree = "<group>";
		};
/* End PBXGroup section */

/* Begin PBXNativeTarget section */
		D072973B2D4AC58B00CE6AC1 /* NeuMovie */ = {
			isa = PBXNativeTarget;
			buildConfigurationList = D07297602D4AC58C00CE6AC1 /* Build configuration list for PBXNativeTarget "NeuMovie" */;
			buildPhases = (
				D07297382D4AC58B00CE6AC1 /* Sources */,
				D07297392D4AC58B00CE6AC1 /* Frameworks */,
				D072973A2D4AC58B00CE6AC1 /* Resources */,
			);
			buildRules = (
			);
			dependencies = (
			);
			fileSystemSynchronizedGroups = (
				D072973E2D4AC58B00CE6AC1 /* NeuMovie */,
			);
			name = NeuMovie;
			packageProductDependencies = (
				D09CABEE2D5650D600271866 /* Nuke */,
				D09CABF02D56526100271866 /* NukeUI */,
			);
			productName = NeuMovie;
			productReference = D072973C2D4AC58B00CE6AC1 /* NeuMovie.app */;
			productType = "com.apple.product-type.application";
		};
		D072974B2D4AC58C00CE6AC1 /* NeuMovieTests */ = {
			isa = PBXNativeTarget;
			buildConfigurationList = D07297632D4AC58C00CE6AC1 /* Build configuration list for PBXNativeTarget "NeuMovieTests" */;
			buildPhases = (
				D07297482D4AC58C00CE6AC1 /* Sources */,
				D07297492D4AC58C00CE6AC1 /* Frameworks */,
				D072974A2D4AC58C00CE6AC1 /* Resources */,
			);
			buildRules = (
			);
			dependencies = (
				D072974E2D4AC58C00CE6AC1 /* PBXTargetDependency */,
			);
			fileSystemSynchronizedGroups = (
				D072974F2D4AC58C00CE6AC1 /* NeuMovieTests */,
			);
			name = NeuMovieTests;
			packageProductDependencies = (
			);
			productName = NeuMovieTests;
			productReference = D072974C2D4AC58C00CE6AC1 /* NeuMovieTests.xctest */;
			productType = "com.apple.product-type.bundle.unit-test";
		};
		D07297552D4AC58C00CE6AC1 /* NeuMovieUITests */ = {
			isa = PBXNativeTarget;
			buildConfigurationList = D07297662D4AC58C00CE6AC1 /* Build configuration list for PBXNativeTarget "NeuMovieUITests" */;
			buildPhases = (
				D07297522D4AC58C00CE6AC1 /* Sources */,
				D07297532D4AC58C00CE6AC1 /* Frameworks */,
				D07297542D4AC58C00CE6AC1 /* Resources */,
			);
			buildRules = (
			);
			dependencies = (
				D07297582D4AC58C00CE6AC1 /* PBXTargetDependency */,
			);
			fileSystemSynchronizedGroups = (
				D07297592D4AC58C00CE6AC1 /* NeuMovieUITests */,
			);
			name = NeuMovieUITests;
			packageProductDependencies = (
			);
			productName = NeuMovieUITests;
			productReference = D07297562D4AC58C00CE6AC1 /* NeuMovieUITests.xctest */;
			productType = "com.apple.product-type.bundle.ui-testing";
		};
/* End PBXNativeTarget section */

/* Begin PBXProject section */
		D07297342D4AC58B00CE6AC1 /* Project object */ = {
			isa = PBXProject;
			attributes = {
				BuildIndependentTargetsInParallel = 1;
				LastSwiftUpdateCheck = 1620;
				LastUpgradeCheck = 1620;
				TargetAttributes = {
					D072973B2D4AC58B00CE6AC1 = {
						CreatedOnToolsVersion = 16.2;
					};
					D072974B2D4AC58C00CE6AC1 = {
						CreatedOnToolsVersion = 16.2;
						TestTargetID = D072973B2D4AC58B00CE6AC1;
					};
					D07297552D4AC58C00CE6AC1 = {
						CreatedOnToolsVersion = 16.2;
						TestTargetID = D072973B2D4AC58B00CE6AC1;
					};
				};
			};
			buildConfigurationList = D07297372D4AC58B00CE6AC1 /* Build configuration list for PBXProject "NeuMovie" */;
			developmentRegion = en;
			hasScannedForEncodings = 0;
			knownRegions = (
				en,
				Base,
			);
			mainGroup = D07297332D4AC58B00CE6AC1;
			minimizedProjectReferenceProxies = 1;
			packageReferences = (
				D09CABED2D5650D600271866 /* XCRemoteSwiftPackageReference "Nuke" */,
			);
			preferredProjectObjectVersion = 77;
			productRefGroup = D072973D2D4AC58B00CE6AC1 /* Products */;
			projectDirPath = "";
			projectRoot = "";
			targets = (
				D072973B2D4AC58B00CE6AC1 /* NeuMovie */,
				D072974B2D4AC58C00CE6AC1 /* NeuMovieTests */,
				D07297552D4AC58C00CE6AC1 /* NeuMovieUITests */,
			);
		};
/* End PBXProject section */

/* Begin PBXResourcesBuildPhase section */
		D072973A2D4AC58B00CE6AC1 /* Resources */ = {
			isa = PBXResourcesBuildPhase;
			buildActionMask = 2147483647;
			files = (
			);
			runOnlyForDeploymentPostprocessing = 0;
		};
		D072974A2D4AC58C00CE6AC1 /* Resources */ = {
			isa = PBXResourcesBuildPhase;
			buildActionMask = 2147483647;
			files = (
			);
			runOnlyForDeploymentPostprocessing = 0;
		};
		D07297542D4AC58C00CE6AC1 /* Resources */ = {
			isa = PBXResourcesBuildPhase;
			buildActionMask = 2147483647;
			files = (
			);
			runOnlyForDeploymentPostprocessing = 0;
		};
/* End PBXResourcesBuildPhase section */

/* Begin PBXSourcesBuildPhase section */
		D07297382D4AC58B00CE6AC1 /* Sources */ = {
			isa = PBXSourcesBuildPhase;
			buildActionMask = 2147483647;
			files = (
			);
			runOnlyForDeploymentPostprocessing = 0;
		};
		D07297482D4AC58C00CE6AC1 /* Sources */ = {
			isa = PBXSourcesBuildPhase;
			buildActionMask = 2147483647;
			files = (
			);
			runOnlyForDeploymentPostprocessing = 0;
		};
		D07297522D4AC58C00CE6AC1 /* Sources */ = {
			isa = PBXSourcesBuildPhase;
			buildActionMask = 2147483647;
			files = (
			);
			runOnlyForDeploymentPostprocessing = 0;
		};
/* End PBXSourcesBuildPhase section */

/* Begin PBXTargetDependency section */
		D072974E2D4AC58C00CE6AC1 /* PBXTargetDependency */ = {
			isa = PBXTargetDependency;
			target = D072973B2D4AC58B00CE6AC1 /* NeuMovie */;
			targetProxy = D072974D2D4AC58C00CE6AC1 /* PBXContainerItemProxy */;
		};
		D07297582D4AC58C00CE6AC1 /* PBXTargetDependency */ = {
			isa = PBXTargetDependency;
			target = D072973B2D4AC58B00CE6AC1 /* NeuMovie */;
			targetProxy = D07297572D4AC58C00CE6AC1 /* PBXContainerItemProxy */;
		};
/* End PBXTargetDependency section */

/* Begin XCBuildConfiguration section */
		D072975E2D4AC58C00CE6AC1 /* Debug */ = {
			isa = XCBuildConfiguration;
			buildSettings = {
				ALWAYS_SEARCH_USER_PATHS = NO;
				ASSETCATALOG_COMPILER_GENERATE_SWIFT_ASSET_SYMBOL_EXTENSIONS = YES;
				CLANG_ANALYZER_NONNULL = YES;
				CLANG_ANALYZER_NUMBER_OBJECT_CONVERSION = YES_AGGRESSIVE;
				CLANG_CXX_LANGUAGE_STANDARD = "gnu++20";
				CLANG_ENABLE_MODULES = YES;
				CLANG_ENABLE_OBJC_ARC = YES;
				CLANG_ENABLE_OBJC_WEAK = YES;
				CLANG_WARN_BLOCK_CAPTURE_AUTORELEASING = YES;
				CLANG_WARN_BOOL_CONVERSION = YES;
				CLANG_WARN_COMMA = YES;
				CLANG_WARN_CONSTANT_CONVERSION = YES;
				CLANG_WARN_DEPRECATED_OBJC_IMPLEMENTATIONS = YES;
				CLANG_WARN_DIRECT_OBJC_ISA_USAGE = YES_ERROR;
				CLANG_WARN_DOCUMENTATION_COMMENTS = YES;
				CLANG_WARN_EMPTY_BODY = YES;
				CLANG_WARN_ENUM_CONVERSION = YES;
				CLANG_WARN_INFINITE_RECURSION = YES;
				CLANG_WARN_INT_CONVERSION = YES;
				CLANG_WARN_NON_LITERAL_NULL_CONVERSION = YES;
				CLANG_WARN_OBJC_IMPLICIT_RETAIN_SELF = YES;
				CLANG_WARN_OBJC_LITERAL_CONVERSION = YES;
				CLANG_WARN_OBJC_ROOT_CLASS = YES_ERROR;
				CLANG_WARN_QUOTED_INCLUDE_IN_FRAMEWORK_HEADER = YES;
				CLANG_WARN_RANGE_LOOP_ANALYSIS = YES;
				CLANG_WARN_STRICT_PROTOTYPES = YES;
				CLANG_WARN_SUSPICIOUS_MOVE = YES;
				CLANG_WARN_UNGUARDED_AVAILABILITY = YES_AGGRESSIVE;
				CLANG_WARN_UNREACHABLE_CODE = YES;
				CLANG_WARN__DUPLICATE_METHOD_MATCH = YES;
				COPY_PHASE_STRIP = NO;
				DEBUG_INFORMATION_FORMAT = dwarf;
				ENABLE_STRICT_OBJC_MSGSEND = YES;
				ENABLE_TESTABILITY = YES;
				ENABLE_USER_SCRIPT_SANDBOXING = YES;
				GCC_C_LANGUAGE_STANDARD = gnu17;
				GCC_DYNAMIC_NO_PIC = NO;
				GCC_NO_COMMON_BLOCKS = YES;
				GCC_OPTIMIZATION_LEVEL = 0;
				GCC_PREPROCESSOR_DEFINITIONS = (
					"DEBUG=1",
					"$(inherited)",
				);
				GCC_WARN_64_TO_32_BIT_CONVERSION = YES;
				GCC_WARN_ABOUT_RETURN_TYPE = YES_ERROR;
				GCC_WARN_UNDECLARED_SELECTOR = YES;
				GCC_WARN_UNINITIALIZED_AUTOS = YES_AGGRESSIVE;
				GCC_WARN_UNUSED_FUNCTION = YES;
				GCC_WARN_UNUSED_VARIABLE = YES;
				IPHONEOS_DEPLOYMENT_TARGET = 18.2;
				LOCALIZATION_PREFERS_STRING_CATALOGS = YES;
				MTL_ENABLE_DEBUG_INFO = INCLUDE_SOURCE;
				MTL_FAST_MATH = YES;
				ONLY_ACTIVE_ARCH = YES;
				SDKROOT = iphoneos;
				SWIFT_ACTIVE_COMPILATION_CONDITIONS = "DEBUG $(inherited)";
				SWIFT_OPTIMIZATION_LEVEL = "-Onone";
			};
			name = Debug;
		};
		D072975F2D4AC58C00CE6AC1 /* Release */ = {
			isa = XCBuildConfiguration;
			buildSettings = {
				ALWAYS_SEARCH_USER_PATHS = NO;
				ASSETCATALOG_COMPILER_GENERATE_SWIFT_ASSET_SYMBOL_EXTENSIONS = YES;
				CLANG_ANALYZER_NONNULL = YES;
				CLANG_ANALYZER_NUMBER_OBJECT_CONVERSION = YES_AGGRESSIVE;
				CLANG_CXX_LANGUAGE_STANDARD = "gnu++20";
				CLANG_ENABLE_MODULES = YES;
				CLANG_ENABLE_OBJC_ARC = YES;
				CLANG_ENABLE_OBJC_WEAK = YES;
				CLANG_WARN_BLOCK_CAPTURE_AUTORELEASING = YES;
				CLANG_WARN_BOOL_CONVERSION = YES;
				CLANG_WARN_COMMA = YES;
				CLANG_WARN_CONSTANT_CONVERSION = YES;
				CLANG_WARN_DEPRECATED_OBJC_IMPLEMENTATIONS = YES;
				CLANG_WARN_DIRECT_OBJC_ISA_USAGE = YES_ERROR;
				CLANG_WARN_DOCUMENTATION_COMMENTS = YES;
				CLANG_WARN_EMPTY_BODY = YES;
				CLANG_WARN_ENUM_CONVERSION = YES;
				CLANG_WARN_INFINITE_RECURSION = YES;
				CLANG_WARN_INT_CONVERSION = YES;
				CLANG_WARN_NON_LITERAL_NULL_CONVERSION = YES;
				CLANG_WARN_OBJC_IMPLICIT_RETAIN_SELF = YES;
				CLANG_WARN_OBJC_LITERAL_CONVERSION = YES;
				CLANG_WARN_OBJC_ROOT_CLASS = YES_ERROR;
				CLANG_WARN_QUOTED_INCLUDE_IN_FRAMEWORK_HEADER = YES;
				CLANG_WARN_RANGE_LOOP_ANALYSIS = YES;
				CLANG_WARN_STRICT_PROTOTYPES = YES;
				CLANG_WARN_SUSPICIOUS_MOVE = YES;
				CLANG_WARN_UNGUARDED_AVAILABILITY = YES_AGGRESSIVE;
				CLANG_WARN_UNREACHABLE_CODE = YES;
				CLANG_WARN__DUPLICATE_METHOD_MATCH = YES;
				COPY_PHASE_STRIP = NO;
				DEBUG_INFORMATION_FORMAT = "dwarf-with-dsym";
				ENABLE_NS_ASSERTIONS = NO;
				ENABLE_STRICT_OBJC_MSGSEND = YES;
				ENABLE_USER_SCRIPT_SANDBOXING = YES;
				GCC_C_LANGUAGE_STANDARD = gnu17;
				GCC_NO_COMMON_BLOCKS = YES;
				GCC_WARN_64_TO_32_BIT_CONVERSION = YES;
				GCC_WARN_ABOUT_RETURN_TYPE = YES_ERROR;
				GCC_WARN_UNDECLARED_SELECTOR = YES;
				GCC_WARN_UNINITIALIZED_AUTOS = YES_AGGRESSIVE;
				GCC_WARN_UNUSED_FUNCTION = YES;
				GCC_WARN_UNUSED_VARIABLE = YES;
				IPHONEOS_DEPLOYMENT_TARGET = 18.2;
				LOCALIZATION_PREFERS_STRING_CATALOGS = YES;
				MTL_ENABLE_DEBUG_INFO = NO;
				MTL_FAST_MATH = YES;
				SDKROOT = iphoneos;
				SWIFT_COMPILATION_MODE = wholemodule;
				VALIDATE_PRODUCT = YES;
			};
			name = Release;
		};
		D07297612D4AC58C00CE6AC1 /* Debug */ = {
			isa = XCBuildConfiguration;
			buildSettings = {
				ASSETCATALOG_COMPILER_APPICON_NAME = AppIcon;
				ASSETCATALOG_COMPILER_GLOBAL_ACCENT_COLOR_NAME = AccentColor;
				CODE_SIGN_STYLE = Automatic;
				CURRENT_PROJECT_VERSION = 1;
				DEVELOPMENT_ASSET_PATHS = "\"NeuMovie/Preview Content\"";
				DEVELOPMENT_TEAM = 4S8W95348M;
				ENABLE_PREVIEWS = YES;
				GENERATE_INFOPLIST_FILE = YES;
				INFOPLIST_KEY_UIApplicationSceneManifest_Generation = YES;
				INFOPLIST_KEY_UIApplicationSupportsIndirectInputEvents = YES;
				INFOPLIST_KEY_UILaunchScreen_Generation = YES;
				INFOPLIST_KEY_UISupportedInterfaceOrientations_iPad = "UIInterfaceOrientationPortrait UIInterfaceOrientationPortraitUpsideDown UIInterfaceOrientationLandscapeLeft UIInterfaceOrientationLandscapeRight";
				INFOPLIST_KEY_UISupportedInterfaceOrientations_iPhone = "UIInterfaceOrientationPortrait UIInterfaceOrientationLandscapeLeft UIInterfaceOrientationLandscapeRight";
				LD_RUNPATH_SEARCH_PATHS = (
					"$(inherited)",
					"@executable_path/Frameworks",
				);
				MARKETING_VERSION = 1.0;
				PRODUCT_BUNDLE_IDENTIFIER = com.NeuMovie;
				PRODUCT_NAME = "$(TARGET_NAME)";
				SWIFT_EMIT_LOC_STRINGS = YES;
				SWIFT_VERSION = 5.0;
				TARGETED_DEVICE_FAMILY = "1,2";
			};
			name = Debug;
		};
		D07297622D4AC58C00CE6AC1 /* Release */ = {
			isa = XCBuildConfiguration;
			buildSettings = {
				ASSETCATALOG_COMPILER_APPICON_NAME = AppIcon;
				ASSETCATALOG_COMPILER_GLOBAL_ACCENT_COLOR_NAME = AccentColor;
				CODE_SIGN_STYLE = Automatic;
				CURRENT_PROJECT_VERSION = 1;
				DEVELOPMENT_ASSET_PATHS = "\"NeuMovie/Preview Content\"";
				DEVELOPMENT_TEAM = 4S8W95348M;
				ENABLE_PREVIEWS = YES;
				GENERATE_INFOPLIST_FILE = YES;
				INFOPLIST_KEY_UIApplicationSceneManifest_Generation = YES;
				INFOPLIST_KEY_UIApplicationSupportsIndirectInputEvents = YES;
				INFOPLIST_KEY_UILaunchScreen_Generation = YES;
				INFOPLIST_KEY_UISupportedInterfaceOrientations_iPad = "UIInterfaceOrientationPortrait UIInterfaceOrientationPortraitUpsideDown UIInterfaceOrientationLandscapeLeft UIInterfaceOrientationLandscapeRight";
				INFOPLIST_KEY_UISupportedInterfaceOrientations_iPhone = "UIInterfaceOrientationPortrait UIInterfaceOrientationLandscapeLeft UIInterfaceOrientationLandscapeRight";
				LD_RUNPATH_SEARCH_PATHS = (
					"$(inherited)",
					"@executable_path/Frameworks",
				);
				MARKETING_VERSION = 1.0;
				PRODUCT_BUNDLE_IDENTIFIER = com.NeuMovie;
				PRODUCT_NAME = "$(TARGET_NAME)";
				SWIFT_EMIT_LOC_STRINGS = YES;
				SWIFT_VERSION = 5.0;
				TARGETED_DEVICE_FAMILY = "1,2";
			};
			name = Release;
		};
		D07297642D4AC58C00CE6AC1 /* Debug */ = {
			isa = XCBuildConfiguration;
			buildSettings = {
				BUNDLE_LOADER = "$(TEST_HOST)";
				CODE_SIGN_STYLE = Automatic;
				CURRENT_PROJECT_VERSION = 1;
				DEVELOPMENT_TEAM = 4S8W95348M;
				GENERATE_INFOPLIST_FILE = YES;
				IPHONEOS_DEPLOYMENT_TARGET = 18.2;
				MARKETING_VERSION = 1.0;
				PRODUCT_BUNDLE_IDENTIFIER = com.NeuMovieTests;
				PRODUCT_NAME = "$(TARGET_NAME)";
				SWIFT_EMIT_LOC_STRINGS = NO;
				SWIFT_VERSION = 5.0;
				TARGETED_DEVICE_FAMILY = "1,2";
				TEST_HOST = "$(BUILT_PRODUCTS_DIR)/NeuMovie.app/$(BUNDLE_EXECUTABLE_FOLDER_PATH)/NeuMovie";
			};
			name = Debug;
		};
		D07297652D4AC58C00CE6AC1 /* Release */ = {
			isa = XCBuildConfiguration;
			buildSettings = {
				BUNDLE_LOADER = "$(TEST_HOST)";
				CODE_SIGN_STYLE = Automatic;
				CURRENT_PROJECT_VERSION = 1;
				DEVELOPMENT_TEAM = 4S8W95348M;
				GENERATE_INFOPLIST_FILE = YES;
				IPHONEOS_DEPLOYMENT_TARGET = 18.2;
				MARKETING_VERSION = 1.0;
				PRODUCT_BUNDLE_IDENTIFIER = com.NeuMovieTests;
				PRODUCT_NAME = "$(TARGET_NAME)";
				SWIFT_EMIT_LOC_STRINGS = NO;
				SWIFT_VERSION = 5.0;
				TARGETED_DEVICE_FAMILY = "1,2";
				TEST_HOST = "$(BUILT_PRODUCTS_DIR)/NeuMovie.app/$(BUNDLE_EXECUTABLE_FOLDER_PATH)/NeuMovie";
			};
			name = Release;
		};
		D07297672D4AC58C00CE6AC1 /* Debug */ = {
			isa = XCBuildConfiguration;
			buildSettings = {
				CODE_SIGN_STYLE = Automatic;
				CURRENT_PROJECT_VERSION = 1;
				DEVELOPMENT_TEAM = 4S8W95348M;
				GENERATE_INFOPLIST_FILE = YES;
				MARKETING_VERSION = 1.0;
				PRODUCT_BUNDLE_IDENTIFIER = com.NeuMovieUITests;
				PRODUCT_NAME = "$(TARGET_NAME)";
				SWIFT_EMIT_LOC_STRINGS = NO;
				SWIFT_VERSION = 5.0;
				TARGETED_DEVICE_FAMILY = "1,2";
				TEST_TARGET_NAME = NeuMovie;
			};
			name = Debug;
		};
		D07297682D4AC58C00CE6AC1 /* Release */ = {
			isa = XCBuildConfiguration;
			buildSettings = {
				CODE_SIGN_STYLE = Automatic;
				CURRENT_PROJECT_VERSION = 1;
				DEVELOPMENT_TEAM = 4S8W95348M;
				GENERATE_INFOPLIST_FILE = YES;
				MARKETING_VERSION = 1.0;
				PRODUCT_BUNDLE_IDENTIFIER = com.NeuMovieUITests;
				PRODUCT_NAME = "$(TARGET_NAME)";
				SWIFT_EMIT_LOC_STRINGS = NO;
				SWIFT_VERSION = 5.0;
				TARGETED_DEVICE_FAMILY = "1,2";
				TEST_TARGET_NAME = NeuMovie;
			};
			name = Release;
		};
/* End XCBuildConfiguration section */

/* Begin XCConfigurationList section */
		D07297372D4AC58B00CE6AC1 /* Build configuration list for PBXProject "NeuMovie" */ = {
			isa = XCConfigurationList;
			buildConfigurations = (
				D072975E2D4AC58C00CE6AC1 /* Debug */,
				D072975F2D4AC58C00CE6AC1 /* Release */,
			);
			defaultConfigurationIsVisible = 0;
			defaultConfigurationName = Release;
		};
		D07297602D4AC58C00CE6AC1 /* Build configuration list for PBXNativeTarget "NeuMovie" */ = {
			isa = XCConfigurationList;
			buildConfigurations = (
				D07297612D4AC58C00CE6AC1 /* Debug */,
				D07297622D4AC58C00CE6AC1 /* Release */,
			);
			defaultConfigurationIsVisible = 0;
			defaultConfigurationName = Release;
		};
		D07297632D4AC58C00CE6AC1 /* Build configuration list for PBXNativeTarget "NeuMovieTests" */ = {
			isa = XCConfigurationList;
			buildConfigurations = (
				D07297642D4AC58C00CE6AC1 /* Debug */,
				D07297652D4AC58C00CE6AC1 /* Release */,
			);
			defaultConfigurationIsVisible = 0;
			defaultConfigurationName = Release;
		};
		D07297662D4AC58C00CE6AC1 /* Build configuration list for PBXNativeTarget "NeuMovieUITests" */ = {
			isa = XCConfigurationList;
			buildConfigurations = (
				D07297672D4AC58C00CE6AC1 /* Debug */,
				D07297682D4AC58C00CE6AC1 /* Release */,
			);
			defaultConfigurationIsVisible = 0;
			defaultConfigurationName = Release;
		};
/* End XCConfigurationList section */

/* Begin XCRemoteSwiftPackageReference section */
		D09CABED2D5650D600271866 /* XCRemoteSwiftPackageReference "Nuke" */ = {
			isa = XCRemoteSwiftPackageReference;
			repositoryURL = "https://github.com/kean/Nuke.git";
			requirement = {
				kind = upToNextMajorVersion;
				minimumVersion = 12.8.0;
			};
		};
/* End XCRemoteSwiftPackageReference section */

/* Begin XCSwiftPackageProductDependency section */
		D09CABEE2D5650D600271866 /* Nuke */ = {
			isa = XCSwiftPackageProductDependency;
			package = D09CABED2D5650D600271866 /* XCRemoteSwiftPackageReference "Nuke" */;
			productName = Nuke;
		};
		D09CABF02D56526100271866 /* NukeUI */ = {
			isa = XCSwiftPackageProductDependency;
			package = D09CABED2D5650D600271866 /* XCRemoteSwiftPackageReference "Nuke" */;
			productName = NukeUI;
		};
/* End XCSwiftPackageProductDependency section */
	};
	rootObject = D07297342D4AC58B00CE6AC1 /* Project object */;
}
